
Microsoft Visual Studio Solution File, Format Version 12.00
# Visual Studio Version 17
VisualStudioVersion = 17.4.33103.184
MinimumVisualStudioVersion = 10.0.40219.1
Project("{FAE04EC0-301F-11D3-BF4B-00C04F79EFBC}") = "fundamentalCShrap", "fundamentalCShrap\fundamentalCShrap.csproj", "{32150024-690E-4C7F-A387-64589BD5ACEA}"
EndProject
Global
	GlobalSection(SolutionConfigurationPlatforms) = preSolution
		Debug|Any CPU = Debug|Any CPU
		Release|Any CPU = Release|Any CPU
	EndGlobalSection
	GlobalSection(ProjectConfigurationPlatforms) = postSolution
		{32150024-690E-4C7F-A387-64589BD5ACEA}.Debug|Any CPU.ActiveCfg = Debug|Any CPU
		{32150024-690E-4C7F-A387-64589BD5ACEA}.Debug|Any CPU.Build.0 = Debug|Any CPU
		{32150024-690E-4C7F-A387-64589BD5ACEA}.Release|Any CPU.ActiveCfg = Release|Any CPU
		{32150024-690E-4C7F-A387-64589BD5ACEA}.Release|Any CPU.Build.0 = Release|Any CPU
	EndGlobalSection
	GlobalSection(SolutionProperties) = preSolution
		HideSolutionNode = FALSE
	EndGlobalSection
	GlobalSection(ExtensibilityGlobals) = postSolution
		SolutionGuid = {ED3591A5-F14F-416E-9CB7-80AE70858BBF}
	EndGlobalSection
EndGlobal
